
Microsoft Visual Studio Solution File, Format Version 12.00
# Visual Studio Version 17
VisualStudioVersion = 17.6.33829.357
MinimumVisualStudioVersion = 10.0.40219.1
Project("{FAE04EC0-301F-11D3-BF4B-00C04F79EFBC}") = "WorkingWithEFCore", "WorkingWithEFCore\WorkingWithEFCore.csproj", "{F370D9A0-3198-4D1B-AD9B-7F2C379EB169}"
EndProject
Global
	GlobalSection(SolutionConfigurationPlatforms) = preSolution
		Debug|Any CPU = Debug|Any CPU
		Release|Any CPU = Release|Any CPU
	EndGlobalSection
	GlobalSection(ProjectConfigurationPlatforms) = postSolution
		{F370D9A0-3198-4D1B-AD9B-7F2C379EB169}.Debug|Any CPU.ActiveCfg = Debug|Any CPU
		{F370D9A0-3198-4D1B-AD9B-7F2C379EB169}.Debug|Any CPU.Build.0 = Debug|Any CPU
		{F370D9A0-3198-4D1B-AD9B-7F2C379EB169}.Release|Any CPU.ActiveCfg = Release|Any CPU
		{F370D9A0-3198-4D1B-AD9B-7F2C379EB169}.Release|Any CPU.Build.0 = Release|Any CPU
	EndGlobalSection
	GlobalSection(SolutionProperties) = preSolution
		HideSolutionNode = FALSE
	EndGlobalSection
	GlobalSection(ExtensibilityGlobals) = postSolution
		SolutionGuid = {C8ECB07E-294D-4CB1-9FBA-8C884C06F650}
	EndGlobalSection
EndGlobal
