
Microsoft Visual Studio Solution File, Format Version 12.00
# Visual Studio Version 17
VisualStudioVersion = 17.10.35004.147
MinimumVisualStudioVersion = 10.0.40219.1
Project("{9A19103F-16F7-4668-BE54-9A1E7A4F7556}") = "Northwind.Blazor", "Northwind.Blazor\Northwind.Blazor.csproj", "{975AB167-5770-4CF1-97B0-0FFD99498C68}"
EndProject
Project("{9A19103F-16F7-4668-BE54-9A1E7A4F7556}") = "Northwind.EntityModels.Sqlite", "Northwind.EntityModels.Sqlite\Northwind.EntityModels.Sqlite.csproj", "{0DAE7949-6D7D-4E06-AFEB-FD8911956E9A}"
EndProject
Project("{9A19103F-16F7-4668-BE54-9A1E7A4F7556}") = "Northwind.DataContext.Sqlite", "Northwind.DataContext.Sqlite\Northwind.DataContext.Sqlite.csproj", "{3E70D45B-B5D7-456C-800D-D9847A7E2991}"
EndProject
Project("{9A19103F-16F7-4668-BE54-9A1E7A4F7556}") = "Northwind.Blazor.Services", "Northwind.Blazor.Services\Northwind.Blazor.Services.csproj", "{5F8453F5-1256-488A-883E-3E86F3E7A15B}"
EndProject
Project("{9A19103F-16F7-4668-BE54-9A1E7A4F7556}") = "Northwind.Blazor.Wasm", "Northwind.Blazor.Wasm\Northwind.Blazor.Wasm.csproj", "{0DDA79FD-E57C-4128-9796-2D0826AF84BE}"
EndProject
Project("{FAE04EC0-301F-11D3-BF4B-00C04F79EFBC}") = "Northwind.WebApi", "Northwind.WebApi\Northwind.WebApi.csproj", "{4E9654A0-BA99-4FAB-A15B-68ECF9E4837D}"
EndProject
Global
	GlobalSection(SolutionConfigurationPlatforms) = preSolution
		Debug|Any CPU = Debug|Any CPU
		Release|Any CPU = Release|Any CPU
	EndGlobalSection
	GlobalSection(ProjectConfigurationPlatforms) = postSolution
		{975AB167-5770-4CF1-97B0-0FFD99498C68}.Debug|Any CPU.ActiveCfg = Debug|Any CPU
		{975AB167-5770-4CF1-97B0-0FFD99498C68}.Debug|Any CPU.Build.0 = Debug|Any CPU
		{975AB167-5770-4CF1-97B0-0FFD99498C68}.Release|Any CPU.ActiveCfg = Release|Any CPU
		{975AB167-5770-4CF1-97B0-0FFD99498C68}.Release|Any CPU.Build.0 = Release|Any CPU
		{0DAE7949-6D7D-4E06-AFEB-FD8911956E9A}.Debug|Any CPU.ActiveCfg = Debug|Any CPU
		{0DAE7949-6D7D-4E06-AFEB-FD8911956E9A}.Debug|Any CPU.Build.0 = Debug|Any CPU
		{0DAE7949-6D7D-4E06-AFEB-FD8911956E9A}.Release|Any CPU.ActiveCfg = Release|Any CPU
		{0DAE7949-6D7D-4E06-AFEB-FD8911956E9A}.Release|Any CPU.Build.0 = Release|Any CPU
		{3E70D45B-B5D7-456C-800D-D9847A7E2991}.Debug|Any CPU.ActiveCfg = Debug|Any CPU
		{3E70D45B-B5D7-456C-800D-D9847A7E2991}.Debug|Any CPU.Build.0 = Debug|Any CPU
		{3E70D45B-B5D7-456C-800D-D9847A7E2991}.Release|Any CPU.ActiveCfg = Release|Any CPU
		{3E70D45B-B5D7-456C-800D-D9847A7E2991}.Release|Any CPU.Build.0 = Release|Any CPU
		{5F8453F5-1256-488A-883E-3E86F3E7A15B}.Debug|Any CPU.ActiveCfg = Debug|Any CPU
		{5F8453F5-1256-488A-883E-3E86F3E7A15B}.Debug|Any CPU.Build.0 = Debug|Any CPU
		{5F8453F5-1256-488A-883E-3E86F3E7A15B}.Release|Any CPU.ActiveCfg = Release|Any CPU
		{5F8453F5-1256-488A-883E-3E86F3E7A15B}.Release|Any CPU.Build.0 = Release|Any CPU
		{0DDA79FD-E57C-4128-9796-2D0826AF84BE}.Debug|Any CPU.ActiveCfg = Debug|Any CPU
		{0DDA79FD-E57C-4128-9796-2D0826AF84BE}.Debug|Any CPU.Build.0 = Debug|Any CPU
		{0DDA79FD-E57C-4128-9796-2D0826AF84BE}.Release|Any CPU.ActiveCfg = Release|Any CPU
		{0DDA79FD-E57C-4128-9796-2D0826AF84BE}.Release|Any CPU.Build.0 = Release|Any CPU
		{4E9654A0-BA99-4FAB-A15B-68ECF9E4837D}.Debug|Any CPU.ActiveCfg = Debug|Any CPU
		{4E9654A0-BA99-4FAB-A15B-68ECF9E4837D}.Debug|Any CPU.Build.0 = Debug|Any CPU
		{4E9654A0-BA99-4FAB-A15B-68ECF9E4837D}.Release|Any CPU.ActiveCfg = Release|Any CPU
		{4E9654A0-BA99-4FAB-A15B-68ECF9E4837D}.Release|Any CPU.Build.0 = Release|Any CPU
	EndGlobalSection
	GlobalSection(SolutionProperties) = preSolution
		HideSolutionNode = FALSE
	EndGlobalSection
	GlobalSection(ExtensibilityGlobals) = postSolution
		SolutionGuid = {F54E9DDC-6AF4-496C-A7FD-16DD14D819C3}
	EndGlobalSection
EndGlobal
