
Microsoft Visual Studio Solution File, Format Version 12.00
# Visual Studio Version 17
VisualStudioVersion = 17.0.31903.59
MinimumVisualStudioVersion = 10.0.40219.1
Project("{FAE04EC0-301F-11D3-BF4B-00C04F79EFBC}") = "HelloCS", "HelloCS\HelloCS.csproj", "{315C4F55-36D1-458C-8C74-BCD780D4FE2D}"
EndProject
Project("{FAE04EC0-301F-11D3-BF4B-00C04F79EFBC}") = "AboutMyEnvironment", "AboutMyEnvironment\AboutMyEnvironment.csproj", "{9BED26C1-27AB-4DA4-A6D9-43533AC08258}"
EndProject
Global
	GlobalSection(SolutionConfigurationPlatforms) = preSolution
		Debug|Any CPU = Debug|Any CPU
		Release|Any CPU = Release|Any CPU
	EndGlobalSection
	GlobalSection(SolutionProperties) = preSolution
		HideSolutionNode = FALSE
	EndGlobalSection
	GlobalSection(ProjectConfigurationPlatforms) = postSolution
		{315C4F55-36D1-458C-8C74-BCD780D4FE2D}.Debug|Any CPU.ActiveCfg = Debug|Any CPU
		{315C4F55-36D1-458C-8C74-BCD780D4FE2D}.Debug|Any CPU.Build.0 = Debug|Any CPU
		{315C4F55-36D1-458C-8C74-BCD780D4FE2D}.Release|Any CPU.ActiveCfg = Release|Any CPU
		{315C4F55-36D1-458C-8C74-BCD780D4FE2D}.Release|Any CPU.Build.0 = Release|Any CPU
		{9BED26C1-27AB-4DA4-A6D9-43533AC08258}.Debug|Any CPU.ActiveCfg = Debug|Any CPU
		{9BED26C1-27AB-4DA4-A6D9-43533AC08258}.Debug|Any CPU.Build.0 = Debug|Any CPU
		{9BED26C1-27AB-4DA4-A6D9-43533AC08258}.Release|Any CPU.ActiveCfg = Release|Any CPU
		{9BED26C1-27AB-4DA4-A6D9-43533AC08258}.Release|Any CPU.Build.0 = Release|Any CPU
	EndGlobalSection
EndGlobal
